
Microsoft Visual Studio Solution File, Format Version 12.00
# Visual Studio Version 16
VisualStudioVersion = 16.0.31424.327
MinimumVisualStudioVersion = 10.0.40219.1
Project("{FAE04EC0-301F-11D3-BF4B-00C04F79EFBC}") = "problem1-1.calapini-bscpe-1-5", "problem1-1.calapini-bscpe-1-5.csproj", "{1A747E60-DDCB-4B71-84C9-7313AFE048D3}"
EndProject
Global
	GlobalSection(SolutionConfigurationPlatforms) = preSolution
		Debug|Any CPU = Debug|Any CPU
		Release|Any CPU = Release|Any CPU
	EndGlobalSection
	GlobalSection(ProjectConfigurationPlatforms) = postSolution
		{1A747E60-DDCB-4B71-84C9-7313AFE048D3}.Debug|Any CPU.ActiveCfg = Debug|Any CPU
		{1A747E60-DDCB-4B71-84C9-7313AFE048D3}.Debug|Any CPU.Build.0 = Debug|Any CPU
		{1A747E60-DDCB-4B71-84C9-7313AFE048D3}.Release|Any CPU.ActiveCfg = Release|Any CPU
		{1A747E60-DDCB-4B71-84C9-7313AFE048D3}.Release|Any CPU.Build.0 = Release|Any CPU
	EndGlobalSection
	GlobalSection(SolutionProperties) = preSolution
		HideSolutionNode = FALSE
	EndGlobalSection
	GlobalSection(ExtensibilityGlobals) = postSolution
		SolutionGuid = {1FDB11A4-899A-4B70-8841-5218DB112B2C}
	EndGlobalSection
EndGlobal
